Microsoft Visual Studio Solution File, Format Version 12.00
# Visual Studio Version 17
VisualStudioVersion = 17.5.2.0
MinimumVisualStudioVersion = 10.0.40219.1
Project("{FAE04EC0-301F-11D3-BF4B-00C04F79EFBC}") = "HastaneSistemi", "HastaneSistemi.csproj", "{39A8D5D2-3817-7522-D73B-002BE0B81F83}"
EndProject
Global
	GlobalSection(SolutionConfigurationPlatforms) = preSolution
		Debug|Any CPU = Debug|Any CPU
		Release|Any CPU = Release|Any CPU
	EndGlobalSection
	GlobalSection(ProjectConfigurationPlatforms) = postSolution
		{39A8D5D2-3817-7522-D73B-002BE0B81F83}.Debug|Any CPU.ActiveCfg = Debug|Any CPU
		{39A8D5D2-3817-7522-D73B-002BE0B81F83}.Debug|Any CPU.Build.0 = Debug|Any CPU
		{39A8D5D2-3817-7522-D73B-002BE0B81F83}.Release|Any CPU.ActiveCfg = Release|Any CPU
		{39A8D5D2-3817-7522-D73B-002BE0B81F83}.Release|Any CPU.Build.0 = Release|Any CPU
	EndGlobalSection
	GlobalSection(SolutionProperties) = preSolution
		HideSolutionNode = FALSE
	EndGlobalSection
	GlobalSection(ExtensibilityGlobals) = postSolution
		SolutionGuid = {B50E06DF-CFE7-438E-9E83-7C1E5A32EFAE}
	EndGlobalSection
EndGlobal
